
Microsoft Visual Studio Solution File, Format Version 12.00
# Visual Studio Version 17
VisualStudioVersion = 17.5.33627.172
MinimumVisualStudioVersion = 10.0.40219.1
Project("{FAE04EC0-301F-11D3-BF4B-00C04F79EFBC}") = "FirstAPI", "FirstAPI\FirstAPI.csproj", "{A5FA3B42-4C4A-47E0-AE8F-36D331D352CB}"
EndProject
Global
	GlobalSection(SolutionConfigurationPlatforms) = preSolution
		Debug|Any CPU = Debug|Any CPU
		Release|Any CPU = Release|Any CPU
	EndGlobalSection
	GlobalSection(ProjectConfigurationPlatforms) = postSolution
		{A5FA3B42-4C4A-47E0-AE8F-36D331D352CB}.Debug|Any CPU.ActiveCfg = Debug|Any CPU
		{A5FA3B42-4C4A-47E0-AE8F-36D331D352CB}.Debug|Any CPU.Build.0 = Debug|Any CPU
		{A5FA3B42-4C4A-47E0-AE8F-36D331D352CB}.Release|Any CPU.ActiveCfg = Release|Any CPU
		{A5FA3B42-4C4A-47E0-AE8F-36D331D352CB}.Release|Any CPU.Build.0 = Release|Any CPU
	EndGlobalSection
	GlobalSection(SolutionProperties) = preSolution
		HideSolutionNode = FALSE
	EndGlobalSection
	GlobalSection(ExtensibilityGlobals) = postSolution
		SolutionGuid = {95740B62-69A7-4F4C-A128-D9C2328D6DF3}
	EndGlobalSection
EndGlobal
